
Microsoft Visual Studio Solution File, Format Version 12.00
# Visual Studio Version 16
VisualStudioVersion = 25.0.1700.0
MinimumVisualStudioVersion = 10.0.40219.1
Project("{FAE04EC0-301F-11D3-BF4B-00C04F79EFBC}") = "CookingApp", "CookingApp.csproj", "{753A2A1F-C337-4ACD-BBE7-60CB6A2CE28F}"
EndProject
Global
	GlobalSection(SolutionConfigurationPlatforms) = preSolution
		Debug|Any CPU = Debug|Any CPU
		Release|Any CPU = Release|Any CPU
	EndGlobalSection
	GlobalSection(ProjectConfigurationPlatforms) = postSolution
		{753A2A1F-C337-4ACD-BBE7-60CB6A2CE28F}.Debug|Any CPU.ActiveCfg = Debug|Any CPU
		{753A2A1F-C337-4ACD-BBE7-60CB6A2CE28F}.Debug|Any CPU.Build.0 = Debug|Any CPU
		{753A2A1F-C337-4ACD-BBE7-60CB6A2CE28F}.Release|Any CPU.ActiveCfg = Release|Any CPU
		{753A2A1F-C337-4ACD-BBE7-60CB6A2CE28F}.Release|Any CPU.Build.0 = Release|Any CPU
	EndGlobalSection
	GlobalSection(SolutionProperties) = preSolution
		HideSolutionNode = FALSE
	EndGlobalSection
	GlobalSection(ExtensibilityGlobals) = postSolution
		SolutionGuid = {8BFA4E94-3917-402A-AA3D-DAC4D09BBDE1}
	EndGlobalSection
EndGlobal
